
Microsoft Visual Studio Solution File, Format Version 12.00
# Visual Studio Version 17
VisualStudioVersion = 17.8.34511.84
MinimumVisualStudioVersion = 10.0.40219.1
Project("{FAE04EC0-301F-11D3-BF4B-00C04F79EFBC}") = "WpfDolgozat", "WpfDolgozat\WpfDolgozat.csproj", "{6804DEEA-779D-472C-8BD1-9261E049A69E}"
EndProject
Global
	GlobalSection(SolutionConfigurationPlatforms) = preSolution
		Debug|Any CPU = Debug|Any CPU
		Release|Any CPU = Release|Any CPU
	EndGlobalSection
	GlobalSection(ProjectConfigurationPlatforms) = postSolution
		{6804DEEA-779D-472C-8BD1-9261E049A69E}.Debug|Any CPU.ActiveCfg = Debug|Any CPU
		{6804DEEA-779D-472C-8BD1-9261E049A69E}.Debug|Any CPU.Build.0 = Debug|Any CPU
		{6804DEEA-779D-472C-8BD1-9261E049A69E}.Release|Any CPU.ActiveCfg = Release|Any CPU
		{6804DEEA-779D-472C-8BD1-9261E049A69E}.Release|Any CPU.Build.0 = Release|Any CPU
	EndGlobalSection
	GlobalSection(SolutionProperties) = preSolution
		HideSolutionNode = FALSE
	EndGlobalSection
	GlobalSection(ExtensibilityGlobals) = postSolution
		SolutionGuid = {3785BEE5-B71E-4063-A446-DCF276E0B8D3}
	EndGlobalSection
EndGlobal
